
Microsoft Visual Studio Solution File, Format Version 12.00
# Visual Studio Version 17
VisualStudioVersion = 17.14.36414.22
MinimumVisualStudioVersion = 10.0.40219.1
Project("{2150E333-8FDC-42A3-9474-1A3956D46DE8}") = "chap08", "chap08", "{C8D5274F-AC00-46C7-1F8D-E88E81087A52}"
EndProject
Project("{2150E333-8FDC-42A3-9474-1A3956D46DE8}") = "chap09", "chap09", "{F4C8BE92-D2E7-4E0A-9DEE-E7B7F76490FB}"
EndProject
Project("{8BC9CEB8-8B4A-11D0-8D11-00A0C91BC942}") = "08-1", "chap08\08-1\08-1.vcxproj", "{808C169E-9415-454B-ABC8-79602F18B81B}"
EndProject
Project("{8BC9CEB8-8B4A-11D0-8D11-00A0C91BC942}") = "08-2", "chap08\08-2\08-2.vcxproj", "{E64F0168-EB74-4A2C-99FA-409C11AD064D}"
EndProject
Project("{8BC9CEB8-8B4A-11D0-8D11-00A0C91BC942}") = "09-1", "chap09\09-1\09-1.vcxproj", "{674D5B25-0455-4437-9997-767876B8CA39}"
EndProject
Project("{8BC9CEB8-8B4A-11D0-8D11-00A0C91BC942}") = "09-2", "chap09\09-2\09-2.vcxproj", "{08228CF6-DFCE-444C-9EB6-408FEAF0FEC2}"
EndProject
Project("{2150E333-8FDC-42A3-9474-1A3956D46DE8}") = "chap07", "chap07", "{1F3355B2-EF74-4C34-9926-9E36FE69A241}"
EndProject
Project("{8BC9CEB8-8B4A-11D0-8D11-00A0C91BC942}") = "07-1", "07-1\07-1.vcxproj", "{FFD530A0-64CC-44B4-9DE0-71E1D53337A1}"
EndProject
Project("{8BC9CEB8-8B4A-11D0-8D11-00A0C91BC942}") = "07-2", "07-2\07-2.vcxproj", "{0F74CC1E-8569-48AF-BED6-FF0987AA92BE}"
EndProject
Global
	GlobalSection(SolutionConfigurationPlatforms) = preSolution
		Debug|x64 = Debug|x64
		Debug|x86 = Debug|x86
		Release|x64 = Release|x64
		Release|x86 = Release|x86
	EndGlobalSection
	GlobalSection(ProjectConfigurationPlatforms) = postSolution
		{808C169E-9415-454B-ABC8-79602F18B81B}.Debug|x64.ActiveCfg = Debug|x64
		{808C169E-9415-454B-ABC8-79602F18B81B}.Debug|x64.Build.0 = Debug|x64
		{808C169E-9415-454B-ABC8-79602F18B81B}.Debug|x86.ActiveCfg = Debug|Win32
		{808C169E-9415-454B-ABC8-79602F18B81B}.Debug|x86.Build.0 = Debug|Win32
		{808C169E-9415-454B-ABC8-79602F18B81B}.Release|x64.ActiveCfg = Release|x64
		{808C169E-9415-454B-ABC8-79602F18B81B}.Release|x64.Build.0 = Release|x64
		{808C169E-9415-454B-ABC8-79602F18B81B}.Release|x86.ActiveCfg = Release|Win32
		{808C169E-9415-454B-ABC8-79602F18B81B}.Release|x86.Build.0 = Release|Win32
		{E64F0168-EB74-4A2C-99FA-409C11AD064D}.Debug|x64.ActiveCfg = Debug|x64
		{E64F0168-EB74-4A2C-99FA-409C11AD064D}.Debug|x64.Build.0 = Debug|x64
		{E64F0168-EB74-4A2C-99FA-409C11AD064D}.Debug|x86.ActiveCfg = Debug|Win32
		{E64F0168-EB74-4A2C-99FA-409C11AD064D}.Debug|x86.Build.0 = Debug|Win32
		{E64F0168-EB74-4A2C-99FA-409C11AD064D}.Release|x64.ActiveCfg = Release|x64
		{E64F0168-EB74-4A2C-99FA-409C11AD064D}.Release|x64.Build.0 = Release|x64
		{E64F0168-EB74-4A2C-99FA-409C11AD064D}.Release|x86.ActiveCfg = Release|Win32
		{E64F0168-EB74-4A2C-99FA-409C11AD064D}.Release|x86.Build.0 = Release|Win32
		{674D5B25-0455-4437-9997-767876B8CA39}.Debug|x64.ActiveCfg = Debug|x64
		{674D5B25-0455-4437-9997-767876B8CA39}.Debug|x64.Build.0 = Debug|x64
		{674D5B25-0455-4437-9997-767876B8CA39}.Debug|x86.ActiveCfg = Debug|Win32
		{674D5B25-0455-4437-9997-767876B8CA39}.Debug|x86.Build.0 = Debug|Win32
		{674D5B25-0455-4437-9997-767876B8CA39}.Release|x64.ActiveCfg = Release|x64
		{674D5B25-0455-4437-9997-767876B8CA39}.Release|x64.Build.0 = Release|x64
		{674D5B25-0455-4437-9997-767876B8CA39}.Release|x86.ActiveCfg = Release|Win32
		{674D5B25-0455-4437-9997-767876B8CA39}.Release|x86.Build.0 = Release|Win32
		{08228CF6-DFCE-444C-9EB6-408FEAF0FEC2}.Debug|x64.ActiveCfg = Debug|x64
		{08228CF6-DFCE-444C-9EB6-408FEAF0FEC2}.Debug|x64.Build.0 = Debug|x64
		{08228CF6-DFCE-444C-9EB6-408FEAF0FEC2}.Debug|x86.ActiveCfg = Debug|Win32
		{08228CF6-DFCE-444C-9EB6-408FEAF0FEC2}.Debug|x86.Build.0 = Debug|Win32
		{08228CF6-DFCE-444C-9EB6-408FEAF0FEC2}.Release|x64.ActiveCfg = Release|x64
		{08228CF6-DFCE-444C-9EB6-408FEAF0FEC2}.Release|x64.Build.0 = Release|x64
		{08228CF6-DFCE-444C-9EB6-408FEAF0FEC2}.Release|x86.ActiveCfg = Release|Win32
		{08228CF6-DFCE-444C-9EB6-408FEAF0FEC2}.Release|x86.Build.0 = Release|Win32
		{FFD530A0-64CC-44B4-9DE0-71E1D53337A1}.Debug|x64.ActiveCfg = Debug|x64
		{FFD530A0-64CC-44B4-9DE0-71E1D53337A1}.Debug|x64.Build.0 = Debug|x64
		{FFD530A0-64CC-44B4-9DE0-71E1D53337A1}.Debug|x86.ActiveCfg = Debug|Win32
		{FFD530A0-64CC-44B4-9DE0-71E1D53337A1}.Debug|x86.Build.0 = Debug|Win32
		{FFD530A0-64CC-44B4-9DE0-71E1D53337A1}.Release|x64.ActiveCfg = Release|x64
		{FFD530A0-64CC-44B4-9DE0-71E1D53337A1}.Release|x64.Build.0 = Release|x64
		{FFD530A0-64CC-44B4-9DE0-71E1D53337A1}.Release|x86.ActiveCfg = Release|Win32
		{FFD530A0-64CC-44B4-9DE0-71E1D53337A1}.Release|x86.Build.0 = Release|Win32
		{0F74CC1E-8569-48AF-BED6-FF0987AA92BE}.Debug|x64.ActiveCfg = Debug|x64
		{0F74CC1E-8569-48AF-BED6-FF0987AA92BE}.Debug|x64.Build.0 = Debug|x64
		{0F74CC1E-8569-48AF-BED6-FF0987AA92BE}.Debug|x86.ActiveCfg = Debug|Win32
		{0F74CC1E-8569-48AF-BED6-FF0987AA92BE}.Debug|x86.Build.0 = Debug|Win32
		{0F74CC1E-8569-48AF-BED6-FF0987AA92BE}.Release|x64.ActiveCfg = Release|x64
		{0F74CC1E-8569-48AF-BED6-FF0987AA92BE}.Release|x64.Build.0 = Release|x64
		{0F74CC1E-8569-48AF-BED6-FF0987AA92BE}.Release|x86.ActiveCfg = Release|Win32
		{0F74CC1E-8569-48AF-BED6-FF0987AA92BE}.Release|x86.Build.0 = Release|Win32
	EndGlobalSection
	GlobalSection(SolutionProperties) = preSolution
		HideSolutionNode = FALSE
	EndGlobalSection
	GlobalSection(NestedProjects) = preSolution
		{808C169E-9415-454B-ABC8-79602F18B81B} = {C8D5274F-AC00-46C7-1F8D-E88E81087A52}
		{E64F0168-EB74-4A2C-99FA-409C11AD064D} = {C8D5274F-AC00-46C7-1F8D-E88E81087A52}
		{674D5B25-0455-4437-9997-767876B8CA39} = {F4C8BE92-D2E7-4E0A-9DEE-E7B7F76490FB}
		{08228CF6-DFCE-444C-9EB6-408FEAF0FEC2} = {F4C8BE92-D2E7-4E0A-9DEE-E7B7F76490FB}
		{FFD530A0-64CC-44B4-9DE0-71E1D53337A1} = {1F3355B2-EF74-4C34-9926-9E36FE69A241}
		{0F74CC1E-8569-48AF-BED6-FF0987AA92BE} = {1F3355B2-EF74-4C34-9926-9E36FE69A241}
	EndGlobalSection
	GlobalSection(ExtensibilityGlobals) = postSolution
		SolutionGuid = {EA708E21-C0A8-498E-B36D-95D47AB2F517}
	EndGlobalSection
EndGlobal
